{
  "version": 4,
  "terraform_version": "1.15.8",
  "serial": 3,
  "lineage": "b91d20df-e480-2034-7703-ded1ec08ff77",
  "outputs": {},
  "resources": [
    {
      "mode": "managed",
      "type": "azurerm_resource_group",
      "name": "lab",
      "provider": "provider[\"registry.terraform.io/hashicorp/azurerm\"]",
      "instances": [
        {
          "schema_version": 0,
          "attributes": {
            "id": "/subscriptions/2e6a9f35-386f-4af6-98d9-66be78beafe7/resourceGroups/rg-azure-cloud-lab",
            "location": "northeurope",
            "managed_by": "",
            "name": "rg-azure-cloud-lab",
            "tags": {},
            "timeouts": null
          },
          "sensitive_attributes": [],
          "identity_schema_version": 0,
          "identity": {
            "name": "rg-azure-cloud-lab",
            "subscription_id": "2e6a9f35-386f-4af6-98d9-66be78beafe7"
          },
          "private": "eyJlMmJmYjczMC1lY2FhLTExZTYtOGY4OC0zNDM2M2JjN2M0YzAiOnsiY3JlYXRlIjo1NDAwMDAwMDAwMDAwLCJkZWxldGUiOjU0MDAwMDAwMDAwMDAsInJlYWQiOjMwMDAwMDAwMDAwMCwidXBkYXRlIjo1NDAwMDAwMDAwMDAwfX0="
        }
      ]
    }
  ],
  "check_results": null
}
