{
  "version": 4,
  "terraform_version": "1.15.8",
  "serial": 17,
  "lineage": "b91d20df-e480-2034-7703-ded1ec08ff77",
  "outputs": {},
  "resources": [
    {
      "mode": "managed",
      "type": "azurerm_linux_virtual_machine",
      "name": "lab",
      "provider": "provider[\"registry.terraform.io/hashicorp/azurerm\"]",
      "instances": [
        {
          "schema_version": 0,
          "attributes": {
            "additional_capabilities": [],
            "admin_password": null,
            "admin_ssh_key": [
              {
                "public_key": "ssh-ed25519 AAAAC3NzaC1lZDI1NTE5AAAAIFeGdq46PdXpD+rpDHi+vSGF0AUMLoCwRcE7kU0IaA/I azure-cloud-lab",
                "username": "azureuser"
              }
            ],
            "admin_username": "azureuser",
            "allow_extension_operations": true,
            "availability_set_id": "",
            "boot_diagnostics": [],
            "bypass_platform_safety_checks_on_user_schedule_enabled": false,
            "capacity_reservation_group_id": "",
            "computer_name": "vm-azure-cloud-lab",
            "custom_data": null,
            "dedicated_host_group_id": "",
            "dedicated_host_id": "",
            "disable_password_authentication": true,
            "disk_controller_type": "SCSI",
            "edge_zone": "",
            "encryption_at_host_enabled": false,
            "eviction_policy": "",
            "extensions_time_budget": "PT1H30M",
            "gallery_application": [],
            "id": "/subscriptions/2e6a9f35-386f-4af6-98d9-66be78beafe7/resourceGroups/rg-azure-cloud-lab/providers/Microsoft.Compute/virtualMachines/vm-azure-cloud-lab",
            "identity": [],
            "license_type": "",
            "location": "swedencentral",
            "max_bid_price": -1,
            "name": "vm-azure-cloud-lab",
            "network_interface_ids": [
              "/subscriptions/2e6a9f35-386f-4af6-98d9-66be78beafe7/resourceGroups/rg-azure-cloud-lab/providers/Microsoft.Network/networkInterfaces/nic-azure-cloud-lab"
            ],
            "os_disk": [
              {
                "caching": "ReadWrite",
                "diff_disk_settings": [],
                "disk_encryption_set_id": "",
                "disk_size_gb": 30,
                "id": "/subscriptions/2e6a9f35-386f-4af6-98d9-66be78beafe7/resourceGroups/rg-azure-cloud-lab/providers/Microsoft.Compute/disks/vm-azure-cloud-lab_disk1_bc05dd04ff5c4455b4e6875d9c32d836",
                "name": "vm-azure-cloud-lab_disk1_bc05dd04ff5c4455b4e6875d9c32d836",
                "secure_vm_disk_encryption_set_id": "",
                "security_encryption_type": "",
                "storage_account_type": "Standard_LRS",
                "write_accelerator_enabled": false
              }
            ],
            "os_image_notification": [],
            "os_managed_disk_id": "/subscriptions/2e6a9f35-386f-4af6-98d9-66be78beafe7/resourceGroups/rg-azure-cloud-lab/providers/Microsoft.Compute/disks/vm-azure-cloud-lab_disk1_bc05dd04ff5c4455b4e6875d9c32d836",
            "patch_assessment_mode": "ImageDefault",
            "patch_mode": "ImageDefault",
            "plan": [],
            "platform_fault_domain": -1,
            "priority": "Regular",
            "private_ip_address": "10.0.1.4",
            "private_ip_addresses": [
              "10.0.1.4"
            ],
            "provision_vm_agent": true,
            "proximity_placement_group_id": "",
            "public_ip_address": "20.240.254.165",
            "public_ip_addresses": [
              "20.240.254.165"
            ],
            "reboot_setting": "",
            "resource_group_name": "rg-azure-cloud-lab",
            "secret": [],
            "secure_boot_enabled": false,
            "size": "Standard_B2s_v2",
            "source_image_id": "",
            "source_image_reference": [
              {
                "offer": "ubuntu-24_04-lts",
                "publisher": "Canonical",
                "sku": "server",
                "version": "latest"
              }
            ],
            "tags": null,
            "termination_notification": null,
            "timeouts": null,
            "user_data": "",
            "virtual_machine_id": "e1b8f096-8042-429a-aeac-7b3f6758dfe4",
            "virtual_machine_scale_set_id": "",
            "vm_agent_platform_updates_enabled": true,
            "vtpm_enabled": false,
            "zone": ""
          },
          "sensitive_attributes": [
            [
              {
                "type": "get_attr",
                "value": "admin_password"
              }
            ],
            [
              {
                "type": "get_attr",
                "value": "custom_data"
              }
            ]
          ],
          "identity_schema_version": 0,
          "private": "eyJlMmJmYjczMC1lY2FhLTExZTYtOGY4OC0zNDM2M2JjN2M0YzAiOnsiY3JlYXRlIjoyNzAwMDAwMDAwMDAwLCJkZWxldGUiOjI3MDAwMDAwMDAwMDAsInJlYWQiOjMwMDAwMDAwMDAwMCwidXBkYXRlIjoyNzAwMDAwMDAwMDAwfX0=",
          "dependencies": [
            "azurerm_network_interface.lab",
            "azurerm_public_ip.lab",
            "azurerm_resource_group.lab",
            "azurerm_subnet.lab",
            "azurerm_virtual_network.lab"
          ]
        }
      ]
    },
    {
      "mode": "managed",
      "type": "azurerm_network_interface",
      "name": "lab",
      "provider": "provider[\"registry.terraform.io/hashicorp/azurerm\"]",
      "instances": [
        {
          "schema_version": 0,
          "attributes": {
            "accelerated_networking_enabled": false,
            "applied_dns_servers": [],
            "auxiliary_mode": "",
            "auxiliary_sku": "",
            "dns_servers": [],
            "edge_zone": "",
            "id": "/subscriptions/2e6a9f35-386f-4af6-98d9-66be78beafe7/resourceGroups/rg-azure-cloud-lab/providers/Microsoft.Network/networkInterfaces/nic-azure-cloud-lab",
            "internal_dns_name_label": "",
            "internal_domain_name_suffix": "3nr13kwe3aquzcx2lsnxamjctf.gvxx.internal.cloudapp.net",
            "ip_configuration": [
              {
                "gateway_load_balancer_frontend_ip_configuration_id": "",
                "name": "internal",
                "primary": true,
                "private_ip_address": "10.0.1.4",
                "private_ip_address_allocation": "Dynamic",
                "private_ip_address_version": "IPv4",
                "public_ip_address_id": "/subscriptions/2e6a9f35-386f-4af6-98d9-66be78beafe7/resourceGroups/rg-azure-cloud-lab/providers/Microsoft.Network/publicIPAddresses/pip-azure-cloud-lab",
                "subnet_id": "/subscriptions/2e6a9f35-386f-4af6-98d9-66be78beafe7/resourceGroups/rg-azure-cloud-lab/providers/Microsoft.Network/virtualNetworks/vnet-azure-cloud-lab/subnets/subnet-azure-cloud-lab"
              }
            ],
            "ip_forwarding_enabled": false,
            "location": "swedencentral",
            "mac_address": "",
            "name": "nic-azure-cloud-lab",
            "private_ip_address": "10.0.1.4",
            "private_ip_addresses": [
              "10.0.1.4"
            ],
            "resource_group_name": "rg-azure-cloud-lab",
            "tags": {},
            "timeouts": null,
            "virtual_machine_id": ""
          },
          "sensitive_attributes": [],
          "identity_schema_version": 0,
          "identity": {
            "name": "nic-azure-cloud-lab",
            "resource_group_name": "rg-azure-cloud-lab",
            "subscription_id": "2e6a9f35-386f-4af6-98d9-66be78beafe7"
          },
          "private": "eyJlMmJmYjczMC1lY2FhLTExZTYtOGY4OC0zNDM2M2JjN2M0YzAiOnsiY3JlYXRlIjoxODAwMDAwMDAwMDAwLCJkZWxldGUiOjE4MDAwMDAwMDAwMDAsInJlYWQiOjMwMDAwMDAwMDAwMCwidXBkYXRlIjoxODAwMDAwMDAwMDAwfX0=",
          "dependencies": [
            "azurerm_public_ip.lab",
            "azurerm_resource_group.lab",
            "azurerm_subnet.lab",
            "azurerm_virtual_network.lab"
          ]
        }
      ]
    },
    {
      "mode": "managed",
      "type": "azurerm_network_security_group",
      "name": "lab",
      "provider": "provider[\"registry.terraform.io/hashicorp/azurerm\"]",
      "instances": [
        {
          "schema_version": 0,
          "attributes": {
            "id": "/subscriptions/2e6a9f35-386f-4af6-98d9-66be78beafe7/resourceGroups/rg-azure-cloud-lab/providers/Microsoft.Network/networkSecurityGroups/nsg-azure-cloud-lab",
            "location": "swedencentral",
            "name": "nsg-azure-cloud-lab",
            "resource_group_name": "rg-azure-cloud-lab",
            "security_rule": [
              {
                "access": "Allow",
                "description": "",
                "destination_address_prefix": "*",
                "destination_address_prefixes": [],
                "destination_application_security_group_ids": [],
                "destination_port_range": "22",
                "destination_port_ranges": [],
                "direction": "Inbound",
                "name": "allow-ssh",
                "priority": 100,
                "protocol": "Tcp",
                "source_address_prefix": "*",
                "source_address_prefixes": [],
                "source_application_security_group_ids": [],
                "source_port_range": "*",
                "source_port_ranges": []
              }
            ],
            "tags": {},
            "timeouts": null
          },
          "sensitive_attributes": [],
          "identity_schema_version": 0,
          "identity": {
            "name": "nsg-azure-cloud-lab",
            "resource_group_name": "rg-azure-cloud-lab",
            "subscription_id": "2e6a9f35-386f-4af6-98d9-66be78beafe7"
          },
          "private": "eyJlMmJmYjczMC1lY2FhLTExZTYtOGY4OC0zNDM2M2JjN2M0YzAiOnsiY3JlYXRlIjoxODAwMDAwMDAwMDAwLCJkZWxldGUiOjE4MDAwMDAwMDAwMDAsInJlYWQiOjMwMDAwMDAwMDAwMCwidXBkYXRlIjoxODAwMDAwMDAwMDAwfX0=",
          "dependencies": [
            "azurerm_resource_group.lab"
          ]
        }
      ]
    },
    {
      "mode": "managed",
      "type": "azurerm_public_ip",
      "name": "lab",
      "provider": "provider[\"registry.terraform.io/hashicorp/azurerm\"]",
      "instances": [
        {
          "schema_version": 0,
          "attributes": {
            "allocation_method": "Static",
            "ddos_protection_mode": "VirtualNetworkInherited",
            "ddos_protection_plan_id": null,
            "domain_name_label": "",
            "domain_name_label_scope": "",
            "edge_zone": "",
            "fqdn": "",
            "id": "/subscriptions/2e6a9f35-386f-4af6-98d9-66be78beafe7/resourceGroups/rg-azure-cloud-lab/providers/Microsoft.Network/publicIPAddresses/pip-azure-cloud-lab",
            "idle_timeout_in_minutes": 4,
            "ip_address": "20.240.254.165",
            "ip_tags": {},
            "ip_version": "IPv4",
            "location": "swedencentral",
            "name": "pip-azure-cloud-lab",
            "public_ip_prefix_id": null,
            "resource_group_name": "rg-azure-cloud-lab",
            "reverse_fqdn": "",
            "sku": "Standard",
            "sku_tier": "Regional",
            "tags": {},
            "timeouts": null,
            "zones": []
          },
          "sensitive_attributes": [],
          "identity_schema_version": 0,
          "identity": {
            "name": "pip-azure-cloud-lab",
            "resource_group_name": "rg-azure-cloud-lab",
            "subscription_id": "2e6a9f35-386f-4af6-98d9-66be78beafe7"
          },
          "private": "eyJlMmJmYjczMC1lY2FhLTExZTYtOGY4OC0zNDM2M2JjN2M0YzAiOnsiY3JlYXRlIjoxODAwMDAwMDAwMDAwLCJkZWxldGUiOjE4MDAwMDAwMDAwMDAsInJlYWQiOjMwMDAwMDAwMDAwMCwidXBkYXRlIjoxODAwMDAwMDAwMDAwfX0=",
          "dependencies": [
            "azurerm_resource_group.lab"
          ]
        }
      ]
    },
    {
      "mode": "managed",
      "type": "azurerm_resource_group",
      "name": "lab",
      "provider": "provider[\"registry.terraform.io/hashicorp/azurerm\"]",
      "instances": [
        {
          "schema_version": 0,
          "attributes": {
            "id": "/subscriptions/2e6a9f35-386f-4af6-98d9-66be78beafe7/resourceGroups/rg-azure-cloud-lab",
            "location": "swedencentral",
            "managed_by": "",
            "name": "rg-azure-cloud-lab",
            "tags": {},
            "timeouts": null
          },
          "sensitive_attributes": [],
          "identity_schema_version": 0,
          "identity": {
            "name": "rg-azure-cloud-lab",
            "subscription_id": "2e6a9f35-386f-4af6-98d9-66be78beafe7"
          },
          "private": "eyJlMmJmYjczMC1lY2FhLTExZTYtOGY4OC0zNDM2M2JjN2M0YzAiOnsiY3JlYXRlIjo1NDAwMDAwMDAwMDAwLCJkZWxldGUiOjU0MDAwMDAwMDAwMDAsInJlYWQiOjMwMDAwMDAwMDAwMCwidXBkYXRlIjo1NDAwMDAwMDAwMDAwfX0="
        }
      ]
    },
    {
      "mode": "managed",
      "type": "azurerm_subnet",
      "name": "lab",
      "provider": "provider[\"registry.terraform.io/hashicorp/azurerm\"]",
      "instances": [
        {
          "schema_version": 0,
          "attributes": {
            "address_prefixes": [
              "10.0.1.0/24"
            ],
            "default_outbound_access_enabled": true,
            "delegation": [],
            "id": "/subscriptions/2e6a9f35-386f-4af6-98d9-66be78beafe7/resourceGroups/rg-azure-cloud-lab/providers/Microsoft.Network/virtualNetworks/vnet-azure-cloud-lab/subnets/subnet-azure-cloud-lab",
            "ip_address_pool": [],
            "name": "subnet-azure-cloud-lab",
            "private_endpoint_network_policies": "Disabled",
            "private_link_service_network_policies_enabled": true,
            "resource_group_name": "rg-azure-cloud-lab",
            "service_endpoint_policy_ids": [],
            "service_endpoints": [],
            "sharing_scope": "",
            "timeouts": null,
            "virtual_network_name": "vnet-azure-cloud-lab"
          },
          "sensitive_attributes": [],
          "identity_schema_version": 0,
          "identity": {
            "name": "subnet-azure-cloud-lab",
            "resource_group_name": "rg-azure-cloud-lab",
            "subscription_id": "2e6a9f35-386f-4af6-98d9-66be78beafe7",
            "virtual_network_name": "vnet-azure-cloud-lab"
          },
          "private": "eyJlMmJmYjczMC1lY2FhLTExZTYtOGY4OC0zNDM2M2JjN2M0YzAiOnsiY3JlYXRlIjoxODAwMDAwMDAwMDAwLCJkZWxldGUiOjE4MDAwMDAwMDAwMDAsInJlYWQiOjMwMDAwMDAwMDAwMCwidXBkYXRlIjoxODAwMDAwMDAwMDAwfX0=",
          "dependencies": [
            "azurerm_resource_group.lab",
            "azurerm_virtual_network.lab"
          ]
        }
      ]
    },
    {
      "mode": "managed",
      "type": "azurerm_subnet_network_security_group_association",
      "name": "lab",
      "provider": "provider[\"registry.terraform.io/hashicorp/azurerm\"]",
      "instances": [
        {
          "schema_version": 0,
          "attributes": {
            "id": "/subscriptions/2e6a9f35-386f-4af6-98d9-66be78beafe7/resourceGroups/rg-azure-cloud-lab/providers/Microsoft.Network/virtualNetworks/vnet-azure-cloud-lab/subnets/subnet-azure-cloud-lab",
            "network_security_group_id": "/subscriptions/2e6a9f35-386f-4af6-98d9-66be78beafe7/resourceGroups/rg-azure-cloud-lab/providers/Microsoft.Network/networkSecurityGroups/nsg-azure-cloud-lab",
            "subnet_id": "/subscriptions/2e6a9f35-386f-4af6-98d9-66be78beafe7/resourceGroups/rg-azure-cloud-lab/providers/Microsoft.Network/virtualNetworks/vnet-azure-cloud-lab/subnets/subnet-azure-cloud-lab",
            "timeouts": null
          },
          "sensitive_attributes": [],
          "identity_schema_version": 0,
          "private": "eyJlMmJmYjczMC1lY2FhLTExZTYtOGY4OC0zNDM2M2JjN2M0YzAiOnsiY3JlYXRlIjoxODAwMDAwMDAwMDAwLCJkZWxldGUiOjE4MDAwMDAwMDAwMDAsInJlYWQiOjMwMDAwMDAwMDAwMH19",
          "dependencies": [
            "azurerm_network_security_group.lab",
            "azurerm_resource_group.lab",
            "azurerm_subnet.lab",
            "azurerm_virtual_network.lab"
          ]
        }
      ]
    },
    {
      "mode": "managed",
      "type": "azurerm_virtual_network",
      "name": "lab",
      "provider": "provider[\"registry.terraform.io/hashicorp/azurerm\"]",
      "instances": [
        {
          "schema_version": 0,
          "attributes": {
            "address_space": [
              "10.0.0.0/16"
            ],
            "bgp_community": "",
            "ddos_protection_plan": [],
            "dns_servers": [],
            "edge_zone": "",
            "encryption": [],
            "flow_timeout_in_minutes": 0,
            "guid": "aabe63eb-e8c4-4c21-8afc-5c9b7031229d",
            "id": "/subscriptions/2e6a9f35-386f-4af6-98d9-66be78beafe7/resourceGroups/rg-azure-cloud-lab/providers/Microsoft.Network/virtualNetworks/vnet-azure-cloud-lab",
            "ip_address_pool": [],
            "location": "swedencentral",
            "name": "vnet-azure-cloud-lab",
            "private_endpoint_vnet_policies": "Disabled",
            "resource_group_name": "rg-azure-cloud-lab",
            "subnet": [
              {
                "address_prefixes": [
                  "10.0.1.0/24"
                ],
                "default_outbound_access_enabled": true,
                "delegation": [],
                "id": "/subscriptions/2e6a9f35-386f-4af6-98d9-66be78beafe7/resourceGroups/rg-azure-cloud-lab/providers/Microsoft.Network/virtualNetworks/vnet-azure-cloud-lab/subnets/subnet-azure-cloud-lab",
                "name": "subnet-azure-cloud-lab",
                "private_endpoint_network_policies": "Disabled",
                "private_link_service_network_policies_enabled": true,
                "route_table_id": "",
                "security_group": "/subscriptions/2e6a9f35-386f-4af6-98d9-66be78beafe7/resourceGroups/rg-azure-cloud-lab/providers/Microsoft.Network/networkSecurityGroups/nsg-azure-cloud-lab",
                "service_endpoint_policy_ids": [],
                "service_endpoints": []
              }
            ],
            "tags": {},
            "timeouts": null
          },
          "sensitive_attributes": [],
          "identity_schema_version": 0,
          "identity": {
            "name": "vnet-azure-cloud-lab",
            "resource_group_name": "rg-azure-cloud-lab",
            "subscription_id": "2e6a9f35-386f-4af6-98d9-66be78beafe7"
          },
          "private": "eyJlMmJmYjczMC1lY2FhLTExZTYtOGY4OC0zNDM2M2JjN2M0YzAiOnsiY3JlYXRlIjoxODAwMDAwMDAwMDAwLCJkZWxldGUiOjE4MDAwMDAwMDAwMDAsInJlYWQiOjMwMDAwMDAwMDAwMCwidXBkYXRlIjoxODAwMDAwMDAwMDAwfX0=",
          "dependencies": [
            "azurerm_resource_group.lab"
          ]
        }
      ]
    }
  ],
  "check_results": null
}
