{
  "version": 4,
  "terraform_version": "1.15.8",
  "serial": 8,
  "lineage": "b91d20df-e480-2034-7703-ded1ec08ff77",
  "outputs": {},
  "resources": [
    {
      "mode": "managed",
      "type": "azurerm_resource_group",
      "name": "lab",
      "provider": "provider[\"registry.terraform.io/hashicorp/azurerm\"]",
      "instances": [
        {
          "schema_version": 0,
          "attributes": {
            "id": "/subscriptions/2e6a9f35-386f-4af6-98d9-66be78beafe7/resourceGroups/rg-azure-cloud-lab",
            "location": "swedencentral",
            "managed_by": "",
            "name": "rg-azure-cloud-lab",
            "tags": null,
            "timeouts": null
          },
          "sensitive_attributes": [],
          "identity_schema_version": 0,
          "identity": {
            "name": "rg-azure-cloud-lab",
            "subscription_id": "2e6a9f35-386f-4af6-98d9-66be78beafe7"
          },
          "private": "eyJlMmJmYjczMC1lY2FhLTExZTYtOGY4OC0zNDM2M2JjN2M0YzAiOnsiY3JlYXRlIjo1NDAwMDAwMDAwMDAwLCJkZWxldGUiOjU0MDAwMDAwMDAwMDAsInJlYWQiOjMwMDAwMDAwMDAwMCwidXBkYXRlIjo1NDAwMDAwMDAwMDAwfX0="
        }
      ]
    },
    {
      "mode": "managed",
      "type": "azurerm_subnet",
      "name": "lab",
      "provider": "provider[\"registry.terraform.io/hashicorp/azurerm\"]",
      "instances": [
        {
          "schema_version": 0,
          "attributes": {
            "address_prefixes": [
              "10.0.1.0/24"
            ],
            "default_outbound_access_enabled": true,
            "delegation": [],
            "id": "/subscriptions/2e6a9f35-386f-4af6-98d9-66be78beafe7/resourceGroups/rg-azure-cloud-lab/providers/Microsoft.Network/virtualNetworks/vnet-azure-cloud-lab/subnets/subnet-azure-cloud-lab",
            "ip_address_pool": [],
            "name": "subnet-azure-cloud-lab",
            "private_endpoint_network_policies": "Disabled",
            "private_link_service_network_policies_enabled": true,
            "resource_group_name": "rg-azure-cloud-lab",
            "service_endpoint_policy_ids": null,
            "service_endpoints": null,
            "sharing_scope": "",
            "timeouts": null,
            "virtual_network_name": "vnet-azure-cloud-lab"
          },
          "sensitive_attributes": [],
          "identity_schema_version": 0,
          "identity": {
            "name": "subnet-azure-cloud-lab",
            "resource_group_name": "rg-azure-cloud-lab",
            "subscription_id": "2e6a9f35-386f-4af6-98d9-66be78beafe7",
            "virtual_network_name": "vnet-azure-cloud-lab"
          },
          "private": "eyJlMmJmYjczMC1lY2FhLTExZTYtOGY4OC0zNDM2M2JjN2M0YzAiOnsiY3JlYXRlIjoxODAwMDAwMDAwMDAwLCJkZWxldGUiOjE4MDAwMDAwMDAwMDAsInJlYWQiOjMwMDAwMDAwMDAwMCwidXBkYXRlIjoxODAwMDAwMDAwMDAwfX0=",
          "dependencies": [
            "azurerm_resource_group.lab",
            "azurerm_virtual_network.lab"
          ]
        }
      ]
    },
    {
      "mode": "managed",
      "type": "azurerm_virtual_network",
      "name": "lab",
      "provider": "provider[\"registry.terraform.io/hashicorp/azurerm\"]",
      "instances": [
        {
          "schema_version": 0,
          "attributes": {
            "address_space": [
              "10.0.0.0/16"
            ],
            "bgp_community": "",
            "ddos_protection_plan": [],
            "dns_servers": [],
            "edge_zone": "",
            "encryption": [],
            "flow_timeout_in_minutes": 0,
            "guid": "aabe63eb-e8c4-4c21-8afc-5c9b7031229d",
            "id": "/subscriptions/2e6a9f35-386f-4af6-98d9-66be78beafe7/resourceGroups/rg-azure-cloud-lab/providers/Microsoft.Network/virtualNetworks/vnet-azure-cloud-lab",
            "ip_address_pool": [],
            "location": "swedencentral",
            "name": "vnet-azure-cloud-lab",
            "private_endpoint_vnet_policies": "Disabled",
            "resource_group_name": "rg-azure-cloud-lab",
            "subnet": [],
            "tags": null,
            "timeouts": null
          },
          "sensitive_attributes": [],
          "identity_schema_version": 0,
          "identity": {
            "name": "vnet-azure-cloud-lab",
            "resource_group_name": "rg-azure-cloud-lab",
            "subscription_id": "2e6a9f35-386f-4af6-98d9-66be78beafe7"
          },
          "private": "eyJlMmJmYjczMC1lY2FhLTExZTYtOGY4OC0zNDM2M2JjN2M0YzAiOnsiY3JlYXRlIjoxODAwMDAwMDAwMDAwLCJkZWxldGUiOjE4MDAwMDAwMDAwMDAsInJlYWQiOjMwMDAwMDAwMDAwMCwidXBkYXRlIjoxODAwMDAwMDAwMDAwfX0=",
          "dependencies": [
            "azurerm_resource_group.lab"
          ]
        }
      ]
    }
  ],
  "check_results": null
}
